// !$*UTF8*$!
{
	archiveVersion = 1;
	classes = {
	};
	objectVersion = 55;
	objects = {

/* Begin PBXBuildFile section */
		7C34557E286ACDCA00EAB9D1 /* AppDelegate.swift in Sources */ = {isa = PBXBuildFile; fileRef = 7C34557D286ACDCA00EAB9D1 /* AppDelegate.swift */; };
		7C345580286ACDCA00EAB9D1 /* SceneDelegate.swift in Sources */ = {isa = PBXBuildFile; fileRef = 7C34557F286ACDCA00EAB9D1 /* SceneDelegate.swift */; };
		7C345585286ACDCA00EAB9D1 /* Main.storyboard in Resources */ = {isa = PBXBuildFile; fileRef = 7C345583286ACDCA00EAB9D1 /* Main.storyboard */; };
		7C345588286ACDCA00EAB9D1 /* MVVM_GoodNews.xcdatamodeld in Sources */ = {isa = PBXBuildFile; fileRef = 7C345586286ACDCA00EAB9D1 /* MVVM_GoodNews.xcdatamodeld */; };
		7C34558A286ACDCE00EAB9D1 /* Assets.xcassets in Resources */ = {isa = PBXBuildFile; fileRef = 7C345589286ACDCE00EAB9D1 /* Assets.xcassets */; };
		7C34558D286ACDCE00EAB9D1 /* LaunchScreen.storyboard in Resources */ = {isa = PBXBuildFile; fileRef = 7C34558B286ACDCE00EAB9D1 /* LaunchScreen.storyboard */; };
		7C345598286ACDCE00EAB9D1 /* MVVM_GoodNewsTests.swift in Sources */ = {isa = PBXBuildFile; fileRef = 7C345597286ACDCE00EAB9D1 /* MVVM_GoodNewsTests.swift */; };
		7C3455A2286ACDCE00EAB9D1 /* MVVM_GoodNewsUITests.swift in Sources */ = {isa = PBXBuildFile; fileRef = 7C3455A1286ACDCE00EAB9D1 /* MVVM_GoodNewsUITests.swift */; };
		7C3455A4286ACDCE00EAB9D1 /* MVVM_GoodNewsUITestsLaunchTests.swift in Sources */ = {isa = PBXBuildFile; fileRef = 7C3455A3286ACDCE00EAB9D1 /* MVVM_GoodNewsUITestsLaunchTests.swift */; };
		7C3455B2286ACE5F00EAB9D1 /* NewsListTableViewController.swift in Sources */ = {isa = PBXBuildFile; fileRef = 7C3455B1286ACE5F00EAB9D1 /* NewsListTableViewController.swift */; };
		7C3455B5286B447C00EAB9D1 /* Webservice.swift in Sources */ = {isa = PBXBuildFile; fileRef = 7C3455B4286B447C00EAB9D1 /* Webservice.swift */; };
		7C3455B8286B494D00EAB9D1 /* Article.swift in Sources */ = {isa = PBXBuildFile; fileRef = 7C3455B7286B494D00EAB9D1 /* Article.swift */; };
		7C3455BB286B4B8D00EAB9D1 /* ArticleViewModel.swift in Sources */ = {isa = PBXBuildFile; fileRef = 7C3455BA286B4B8D00EAB9D1 /* ArticleViewModel.swift */; };
		7C3455BE286C1A7800EAB9D1 /* ArticleTableViewCell.swift in Sources */ = {isa = PBXBuildFile; fileRef = 7C3455BD286C1A7700EAB9D1 /* ArticleTableViewCell.swift */; };
		7C3455C0286C37A400EAB9D1 /* ArticleListViewModel.swift in Sources */ = {isa = PBXBuildFile; fileRef = 7C3455BF286C37A400EAB9D1 /* ArticleListViewModel.swift */; };
/* End PBXBuildFile section */

/* Begin PBXContainerItemProxy section */
		7C345594286ACDCE00EAB9D1 /* PBXContainerItemProxy */ = {
			isa = PBXContainerItemProxy;
			containerPortal = 7C345572286ACDCA00EAB9D1 /* Project object */;
			proxyType = 1;
			remoteGlobalIDString = 7C345579286ACDCA00EAB9D1;
			remoteInfo = "MVVM-GoodNews";
		};
		7C34559E286ACDCE00EAB9D1 /* PBXContainerItemProxy */ = {
			isa = PBXContainerItemProxy;
			containerPortal = 7C345572286ACDCA00EAB9D1 /* Project object */;
			proxyType = 1;
			remoteGlobalIDString = 7C345579286ACDCA00EAB9D1;
			remoteInfo = "MVVM-GoodNews";
		};
/* End PBXContainerItemProxy section */

/* Begin PBXFileReference section */
		7C34557A286ACDCA00EAB9D1 /* MVVM-GoodNews.app */ = {isa = PBXFileReference; explicitFileType = wrapper.application; includeInIndex = 0; path = "MVVM-GoodNews.app"; sourceTree = BUILT_PRODUCTS_DIR; };
		7C34557D286ACDCA00EAB9D1 /* AppDelegate.swift */ = {isa = PBXFileReference; lastKnownFileType = sourcecode.swift; path = AppDelegate.swift; sourceTree = "<group>"; };
		7C34557F286ACDCA00EAB9D1 /* SceneDelegate.swift */ = {isa = PBXFileReference; lastKnownFileType = sourcecode.swift; path = SceneDelegate.swift; sourceTree = "<group>"; };
		7C345584286ACDCA00EAB9D1 /* Base */ = {isa = PBXFileReference; lastKnownFileType = file.storyboard; name = Base; path = Base.lproj/Main.storyboard; sourceTree = "<group>"; };
		7C345587286ACDCA00EAB9D1 /* MVVM_GoodNews.xcdatamodel */ = {isa = PBXFileReference; lastKnownFileType = wrapper.xcdatamodel; path = MVVM_GoodNews.xcdatamodel; sourceTree = "<group>"; };
		7C345589286ACDCE00EAB9D1 /* Assets.xcassets */ = {isa = PBXFileReference; lastKnownFileType = folder.assetcatalog; path = Assets.xcassets; sourceTree = "<group>"; };
		7C34558C286ACDCE00EAB9D1 /* Base */ = {isa = PBXFileReference; lastKnownFileType = file.storyboard; name = Base; path = Base.lproj/LaunchScreen.storyboard; sourceTree = "<group>"; };
		7C34558E286ACDCE00EAB9D1 /* Info.plist */ = {isa = PBXFileReference; lastKnownFileType = text.plist.xml; path = Info.plist; sourceTree = "<group>"; };
		7C345593286ACDCE00EAB9D1 /* MVVM-GoodNewsTests.xctest */ = {isa = PBXFileReference; explicitFileType = wrapper.cfbundle; includeInIndex = 0; path = "MVVM-GoodNewsTests.xctest"; sourceTree = BUILT_PRODUCTS_DIR; };
		7C345597286ACDCE00EAB9D1 /* MVVM_GoodNewsTests.swift */ = {isa = PBXFileReference; lastKnownFileType = sourcecode.swift; path = MVVM_GoodNewsTests.swift; sourceTree = "<group>"; };
		7C34559D286ACDCE00EAB9D1 /* MVVM-GoodNewsUITests.xctest */ = {isa = PBXFileReference; explicitFileType = wrapper.cfbundle; includeInIndex = 0; path = "MVVM-GoodNewsUITests.xctest"; sourceTree = BUILT_PRODUCTS_DIR; };
		7C3455A1286ACDCE00EAB9D1 /* MVVM_GoodNewsUITests.swift */ = {isa = PBXFileReference; lastKnownFileType = sourcecode.swift; path = MVVM_GoodNewsUITests.swift; sourceTree = "<group>"; };
		7C3455A3286ACDCE00EAB9D1 /* MVVM_GoodNewsUITestsLaunchTests.swift */ = {isa = PBXFileReference; lastKnownFileType = sourcecode.swift; path = MVVM_GoodNewsUITestsLaunchTests.swift; sourceTree = "<group>"; };
		7C3455B1286ACE5F00EAB9D1 /* NewsListTableViewController.swift */ = {isa = PBXFileReference; lastKnownFileType = sourcecode.swift; path = NewsListTableViewController.swift; sourceTree = "<group>"; };
		7C3455B4286B447C00EAB9D1 /* Webservice.swift */ = {isa = PBXFileReference; lastKnownFileType = sourcecode.swift; path = Webservice.swift; sourceTree = "<group>"; };
		7C3455B7286B494D00EAB9D1 /* Article.swift */ = {isa = PBXFileReference; lastKnownFileType = sourcecode.swift; path = Article.swift; sourceTree = "<group>"; };
		7C3455BA286B4B8D00EAB9D1 /* ArticleViewModel.swift */ = {isa = PBXFileReference; lastKnownFileType = sourcecode.swift; path = ArticleViewModel.swift; sourceTree = "<group>"; };
		7C3455BD286C1A7700EAB9D1 /* ArticleTableViewCell.swift */ = {isa = PBXFileReference; lastKnownFileType = sourcecode.swift; path = ArticleTableViewCell.swift; sourceTree = "<group>"; };
		7C3455BF286C37A400EAB9D1 /* ArticleListViewModel.swift */ = {isa = PBXFileReference; lastKnownFileType = sourcecode.swift; path = ArticleListViewModel.swift; sourceTree = "<group>"; };
/* End PBXFileReference section */

/* Begin PBXFrameworksBuildPhase section */
		7C345577286ACDCA00EAB9D1 /* Frameworks */ = {
			isa = PBXFrameworksBuildPhase;
			buildActionMask = 2147483647;
			files = (
			);
			runOnlyForDeploymentPostprocessing = 0;
		};
		7C345590286ACDCE00EAB9D1 /* Frameworks */ = {
			isa = PBXFrameworksBuildPhase;
			buildActionMask = 2147483647;
			files = (
			);
			runOnlyForDeploymentPostprocessing = 0;
		};
		7C34559A286ACDCE00EAB9D1 /* Frameworks */ = {
			isa = PBXFrameworksBuildPhase;
			buildActionMask = 2147483647;
			files = (
			);
			runOnlyForDeploymentPostprocessing = 0;
		};
/* End PBXFrameworksBuildPhase section */

/* Begin PBXGroup section */
		7C345571286ACDCA00EAB9D1 = {
			isa = PBXGroup;
			children = (
				7C34557C286ACDCA00EAB9D1 /* MVVM-GoodNews */,
				7C345596286ACDCE00EAB9D1 /* MVVM-GoodNewsTests */,
				7C3455A0286ACDCE00EAB9D1 /* MVVM-GoodNewsUITests */,
				7C34557B286ACDCA00EAB9D1 /* Products */,
			);
			sourceTree = "<group>";
		};
		7C34557B286ACDCA00EAB9D1 /* Products */ = {
			isa = PBXGroup;
			children = (
				7C34557A286ACDCA00EAB9D1 /* MVVM-GoodNews.app */,
				7C345593286ACDCE00EAB9D1 /* MVVM-GoodNewsTests.xctest */,
				7C34559D286ACDCE00EAB9D1 /* MVVM-GoodNewsUITests.xctest */,
			);
			name = Products;
			sourceTree = "<group>";
		};
		7C34557C286ACDCA00EAB9D1 /* MVVM-GoodNews */ = {
			isa = PBXGroup;
			children = (
				7C3455BC286B4E5900EAB9D1 /* Cells */,
				7C3455B9286B4B7C00EAB9D1 /* View Models */,
				7C3455B6286B493000EAB9D1 /* Models */,
				7C3455B3286B446800EAB9D1 /* Services */,
				7C3455B0286ACE4200EAB9D1 /* Controllers */,
				7C34557D286ACDCA00EAB9D1 /* AppDelegate.swift */,
				7C34557F286ACDCA00EAB9D1 /* SceneDelegate.swift */,
				7C345583286ACDCA00EAB9D1 /* Main.storyboard */,
				7C345589286ACDCE00EAB9D1 /* Assets.xcassets */,
				7C34558B286ACDCE00EAB9D1 /* LaunchScreen.storyboard */,
				7C34558E286ACDCE00EAB9D1 /* Info.plist */,
				7C345586286ACDCA00EAB9D1 /* MVVM_GoodNews.xcdatamodeld */,
			);
			path = "MVVM-GoodNews";
			sourceTree = "<group>";
		};
		7C345596286ACDCE00EAB9D1 /* MVVM-GoodNewsTests */ = {
			isa = PBXGroup;
			children = (
				7C345597286ACDCE00EAB9D1 /* MVVM_GoodNewsTests.swift */,
			);
			path = "MVVM-GoodNewsTests";
			sourceTree = "<group>";
		};
		7C3455A0286ACDCE00EAB9D1 /* MVVM-GoodNewsUITests */ = {
			isa = PBXGroup;
			children = (
				7C3455A1286ACDCE00EAB9D1 /* MVVM_GoodNewsUITests.swift */,
				7C3455A3286ACDCE00EAB9D1 /* MVVM_GoodNewsUITestsLaunchTests.swift */,
			);
			path = "MVVM-GoodNewsUITests";
			sourceTree = "<group>";
		};
		7C3455B0286ACE4200EAB9D1 /* Controllers */ = {
			isa = PBXGroup;
			children = (
				7C3455B1286ACE5F00EAB9D1 /* NewsListTableViewController.swift */,
			);
			path = Controllers;
			sourceTree = "<group>";
		};
		7C3455B3286B446800EAB9D1 /* Services */ = {
			isa = PBXGroup;
			children = (
				7C3455B4286B447C00EAB9D1 /* Webservice.swift */,
			);
			path = Services;
			sourceTree = "<group>";
		};
		7C3455B6286B493000EAB9D1 /* Models */ = {
			isa = PBXGroup;
			children = (
				7C3455B7286B494D00EAB9D1 /* Article.swift */,
			);
			path = Models;
			sourceTree = "<group>";
		};
		7C3455B9286B4B7C00EAB9D1 /* View Models */ = {
			isa = PBXGroup;
			children = (
				7C3455BA286B4B8D00EAB9D1 /* ArticleViewModel.swift */,
				7C3455BF286C37A400EAB9D1 /* ArticleListViewModel.swift */,
			);
			path = "View Models";
			sourceTree = "<group>";
		};
		7C3455BC286B4E5900EAB9D1 /* Cells */ = {
			isa = PBXGroup;
			children = (
				7C3455BD286C1A7700EAB9D1 /* ArticleTableViewCell.swift */,
			);
			path = Cells;
			sourceTree = "<group>";
		};
/* End PBXGroup section */

/* Begin PBXNativeTarget section */
		7C345579286ACDCA00EAB9D1 /* MVVM-GoodNews */ = {
			isa = PBXNativeTarget;
			buildConfigurationList = 7C3455A7286ACDCE00EAB9D1 /* Build configuration list for PBXNativeTarget "MVVM-GoodNews" */;
			buildPhases = (
				7C345576286ACDCA00EAB9D1 /* Sources */,
				7C345577286ACDCA00EAB9D1 /* Frameworks */,
				7C345578286ACDCA00EAB9D1 /* Resources */,
			);
			buildRules = (
			);
			dependencies = (
			);
			name = "MVVM-GoodNews";
			productName = "MVVM-GoodNews";
			productReference = 7C34557A286ACDCA00EAB9D1 /* MVVM-GoodNews.app */;
			productType = "com.apple.product-type.application";
		};
		7C345592286ACDCE00EAB9D1 /* MVVM-GoodNewsTests */ = {
			isa = PBXNativeTarget;
			buildConfigurationList = 7C3455AA286ACDCE00EAB9D1 /* Build configuration list for PBXNativeTarget "MVVM-GoodNewsTests" */;
			buildPhases = (
				7C34558F286ACDCE00EAB9D1 /* Sources */,
				7C345590286ACDCE00EAB9D1 /* Frameworks */,
				7C345591286ACDCE00EAB9D1 /* Resources */,
			);
			buildRules = (
			);
			dependencies = (
				7C345595286ACDCE00EAB9D1 /* PBXTargetDependency */,
			);
			name = "MVVM-GoodNewsTests";
			productName = "MVVM-GoodNewsTests";
			productReference = 7C345593286ACDCE00EAB9D1 /* MVVM-GoodNewsTests.xctest */;
			productType = "com.apple.product-type.bundle.unit-test";
		};
		7C34559C286ACDCE00EAB9D1 /* MVVM-GoodNewsUITests */ = {
			isa = PBXNativeTarget;
			buildConfigurationList = 7C3455AD286ACDCE00EAB9D1 /* Build configuration list for PBXNativeTarget "MVVM-GoodNewsUITests" */;
			buildPhases = (
				7C345599286ACDCE00EAB9D1 /* Sources */,
				7C34559A286ACDCE00EAB9D1 /* Frameworks */,
				7C34559B286ACDCE00EAB9D1 /* Resources */,
			);
			buildRules = (
			);
			dependencies = (
				7C34559F286ACDCE00EAB9D1 /* PBXTargetDependency */,
			);
			name = "MVVM-GoodNewsUITests";
			productName = "MVVM-GoodNewsUITests";
			productReference = 7C34559D286ACDCE00EAB9D1 /* MVVM-GoodNewsUITests.xctest */;
			productType = "com.apple.product-type.bundle.ui-testing";
		};
/* End PBXNativeTarget section */

/* Begin PBXProject section */
		7C345572286ACDCA00EAB9D1 /* Project object */ = {
			isa = PBXProject;
			attributes = {
				BuildIndependentTargetsInParallel = 1;
				LastSwiftUpdateCheck = 1330;
				LastUpgradeCheck = 1330;
				TargetAttributes = {
					7C345579286ACDCA00EAB9D1 = {
						CreatedOnToolsVersion = 13.3.1;
					};
					7C345592286ACDCE00EAB9D1 = {
						CreatedOnToolsVersion = 13.3.1;
						TestTargetID = 7C345579286ACDCA00EAB9D1;
					};
					7C34559C286ACDCE00EAB9D1 = {
						CreatedOnToolsVersion = 13.3.1;
						TestTargetID = 7C345579286ACDCA00EAB9D1;
					};
				};
			};
			buildConfigurationList = 7C345575286ACDCA00EAB9D1 /* Build configuration list for PBXProject "MVVM-GoodNews" */;
			compatibilityVersion = "Xcode 13.0";
			developmentRegion = en;
			hasScannedForEncodings = 0;
			knownRegions = (
				en,
				Base,
			);
			mainGroup = 7C345571286ACDCA00EAB9D1;
			productRefGroup = 7C34557B286ACDCA00EAB9D1 /* Products */;
			projectDirPath = "";
			projectRoot = "";
			targets = (
				7C345579286ACDCA00EAB9D1 /* MVVM-GoodNews */,
				7C345592286ACDCE00EAB9D1 /* MVVM-GoodNewsTests */,
				7C34559C286ACDCE00EAB9D1 /* MVVM-GoodNewsUITests */,
			);
		};
/* End PBXProject section */

/* Begin PBXResourcesBuildPhase section */
		7C345578286ACDCA00EAB9D1 /* Resources */ = {
			isa = PBXResourcesBuildPhase;
			buildActionMask = 2147483647;
			files = (
				7C34558D286ACDCE00EAB9D1 /* LaunchScreen.storyboard in Resources */,
				7C34558A286ACDCE00EAB9D1 /* Assets.xcassets in Resources */,
				7C345585286ACDCA00EAB9D1 /* Main.storyboard in Resources */,
			);
			runOnlyForDeploymentPostprocessing = 0;
		};
		7C345591286ACDCE00EAB9D1 /* Resources */ = {
			isa = PBXResourcesBuildPhase;
			buildActionMask = 2147483647;
			files = (
			);
			runOnlyForDeploymentPostprocessing = 0;
		};
		7C34559B286ACDCE00EAB9D1 /* Resources */ = {
			isa = PBXResourcesBuildPhase;
			buildActionMask = 2147483647;
			files = (
			);
			runOnlyForDeploymentPostprocessing = 0;
		};
/* End PBXResourcesBuildPhase section */

/* Begin PBXSourcesBuildPhase section */
		7C345576286ACDCA00EAB9D1 /* Sources */ = {
			isa = PBXSourcesBuildPhase;
			buildActionMask = 2147483647;
			files = (
				7C3455B2286ACE5F00EAB9D1 /* NewsListTableViewController.swift in Sources */,
				7C345588286ACDCA00EAB9D1 /* MVVM_GoodNews.xcdatamodeld in Sources */,
				7C3455B8286B494D00EAB9D1 /* Article.swift in Sources */,
				7C34557E286ACDCA00EAB9D1 /* AppDelegate.swift in Sources */,
				7C3455C0286C37A400EAB9D1 /* ArticleListViewModel.swift in Sources */,
				7C3455BE286C1A7800EAB9D1 /* ArticleTableViewCell.swift in Sources */,
				7C3455B5286B447C00EAB9D1 /* Webservice.swift in Sources */,
				7C3455BB286B4B8D00EAB9D1 /* ArticleViewModel.swift in Sources */,
				7C345580286ACDCA00EAB9D1 /* SceneDelegate.swift in Sources */,
			);
			runOnlyForDeploymentPostprocessing = 0;
		};
		7C34558F286ACDCE00EAB9D1 /* Sources */ = {
			isa = PBXSourcesBuildPhase;
			buildActionMask = 2147483647;
			files = (
				7C345598286ACDCE00EAB9D1 /* MVVM_GoodNewsTests.swift in Sources */,
			);
			runOnlyForDeploymentPostprocessing = 0;
		};
		7C345599286ACDCE00EAB9D1 /* Sources */ = {
			isa = PBXSourcesBuildPhase;
			buildActionMask = 2147483647;
			files = (
				7C3455A4286ACDCE00EAB9D1 /* MVVM_GoodNewsUITestsLaunchTests.swift in Sources */,
				7C3455A2286ACDCE00EAB9D1 /* MVVM_GoodNewsUITests.swift in Sources */,
			);
			runOnlyForDeploymentPostprocessing = 0;
		};
/* End PBXSourcesBuildPhase section */

/* Begin PBXTargetDependency section */
		7C345595286ACDCE00EAB9D1 /* PBXTargetDependency */ = {
			isa = PBXTargetDependency;
			target = 7C345579286ACDCA00EAB9D1 /* MVVM-GoodNews */;
			targetProxy = 7C345594286ACDCE00EAB9D1 /* PBXContainerItemProxy */;
		};
		7C34559F286ACDCE00EAB9D1 /* PBXTargetDependency */ = {
			isa = PBXTargetDependency;
			target = 7C345579286ACDCA00EAB9D1 /* MVVM-GoodNews */;
			targetProxy = 7C34559E286ACDCE00EAB9D1 /* PBXContainerItemProxy */;
		};
/* End PBXTargetDependency section */

/* Begin PBXVariantGroup section */
		7C345583286ACDCA00EAB9D1 /* Main.storyboard */ = {
			isa = PBXVariantGroup;
			children = (
				7C345584286ACDCA00EAB9D1 /* Base */,
			);
			name = Main.storyboard;
			sourceTree = "<group>";
		};
		7C34558B286ACDCE00EAB9D1 /* LaunchScreen.storyboard */ = {
			isa = PBXVariantGroup;
			children = (
				7C34558C286ACDCE00EAB9D1 /* Base */,
			);
			name = LaunchScreen.storyboard;
			sourceTree = "<group>";
		};
/* End PBXVariantGroup section */

/* Begin XCBuildConfiguration section */
		7C3455A5286ACDCE00EAB9D1 /* Debug */ = {
			isa = XCBuildConfiguration;
			buildSettings = {
				ALWAYS_SEARCH_USER_PATHS = NO;
				CLANG_ANALYZER_NONNULL = YES;
				CLANG_ANALYZER_NUMBER_OBJECT_CONVERSION = YES_AGGRESSIVE;
				CLANG_CXX_LANGUAGE_STANDARD = "gnu++17";
				CLANG_ENABLE_MODULES = YES;
				CLANG_ENABLE_OBJC_ARC = YES;
				CLANG_ENABLE_OBJC_WEAK = YES;
				CLANG_WARN_BLOCK_CAPTURE_AUTORELEASING = YES;
				CLANG_WARN_BOOL_CONVERSION = YES;
				CLANG_WARN_COMMA = YES;
				CLANG_WARN_CONSTANT_CONVERSION = YES;
				CLANG_WARN_DEPRECATED_OBJC_IMPLEMENTATIONS = YES;
				CLANG_WARN_DIRECT_OBJC_ISA_USAGE = YES_ERROR;
				CLANG_WARN_DOCUMENTATION_COMMENTS = YES;
				CLANG_WARN_EMPTY_BODY = YES;
				CLANG_WARN_ENUM_CONVERSION = YES;
				CLANG_WARN_INFINITE_RECURSION = YES;
				CLANG_WARN_INT_CONVERSION = YES;
				CLANG_WARN_NON_LITERAL_NULL_CONVERSION = YES;
				CLANG_WARN_OBJC_IMPLICIT_RETAIN_SELF = YES;
				CLANG_WARN_OBJC_LITERAL_CONVERSION = YES;
				CLANG_WARN_OBJC_ROOT_CLASS = YES_ERROR;
				CLANG_WARN_QUOTED_INCLUDE_IN_FRAMEWORK_HEADER = YES;
				CLANG_WARN_RANGE_LOOP_ANALYSIS = YES;
				CLANG_WARN_STRICT_PROTOTYPES = YES;
				CLANG_WARN_SUSPICIOUS_MOVE = YES;
				CLANG_WARN_UNGUARDED_AVAILABILITY = YES_AGGRESSIVE;
				CLANG_WARN_UNREACHABLE_CODE = YES;
				CLANG_WARN__DUPLICATE_METHOD_MATCH = YES;
				COPY_PHASE_STRIP = NO;
				DEBUG_INFORMATION_FORMAT = dwarf;
				ENABLE_STRICT_OBJC_MSGSEND = YES;
				ENABLE_TESTABILITY = YES;
				GCC_C_LANGUAGE_STANDARD = gnu11;
				GCC_DYNAMIC_NO_PIC = NO;
				GCC_NO_COMMON_BLOCKS = YES;
				GCC_OPTIMIZATION_LEVEL = 0;
				GCC_PREPROCESSOR_DEFINITIONS = (
					"DEBUG=1",
					"$(inherited)",
				);
				GCC_WARN_64_TO_32_BIT_CONVERSION = YES;
				GCC_WARN_ABOUT_RETURN_TYPE = YES_ERROR;
				GCC_WARN_UNDECLARED_SELECTOR = YES;
				GCC_WARN_UNINITIALIZED_AUTOS = YES_AGGRESSIVE;
				GCC_WARN_UNUSED_FUNCTION = YES;
				GCC_WARN_UNUSED_VARIABLE = YES;
				IPHONEOS_DEPLOYMENT_TARGET = 15.4;
				MTL_ENABLE_DEBUG_INFO = INCLUDE_SOURCE;
				MTL_FAST_MATH = YES;
				ONLY_ACTIVE_ARCH = YES;
				SDKROOT = iphoneos;
				SWIFT_ACTIVE_COMPILATION_CONDITIONS = DEBUG;
				SWIFT_OPTIMIZATION_LEVEL = "-Onone";
			};
			name = Debug;
		};
		7C3455A6286ACDCE00EAB9D1 /* Release */ = {
			isa = XCBuildConfiguration;
			buildSettings = {
				ALWAYS_SEARCH_USER_PATHS = NO;
				CLANG_ANALYZER_NONNULL = YES;
				CLANG_ANALYZER_NUMBER_OBJECT_CONVERSION = YES_AGGRESSIVE;
				CLANG_CXX_LANGUAGE_STANDARD = "gnu++17";
				CLANG_ENABLE_MODULES = YES;
				CLANG_ENABLE_OBJC_ARC = YES;
				CLANG_ENABLE_OBJC_WEAK = YES;
				CLANG_WARN_BLOCK_CAPTURE_AUTORELEASING = YES;
				CLANG_WARN_BOOL_CONVERSION = YES;
				CLANG_WARN_COMMA = YES;
				CLANG_WARN_CONSTANT_CONVERSION = YES;
				CLANG_WARN_DEPRECATED_OBJC_IMPLEMENTATIONS = YES;
				CLANG_WARN_DIRECT_OBJC_ISA_USAGE = YES_ERROR;
				CLANG_WARN_DOCUMENTATION_COMMENTS = YES;
				CLANG_WARN_EMPTY_BODY = YES;
				CLANG_WARN_ENUM_CONVERSION = YES;
				CLANG_WARN_INFINITE_RECURSION = YES;
				CLANG_WARN_INT_CONVERSION = YES;
				CLANG_WARN_NON_LITERAL_NULL_CONVERSION = YES;
				CLANG_WARN_OBJC_IMPLICIT_RETAIN_SELF = YES;
				CLANG_WARN_OBJC_LITERAL_CONVERSION = YES;
				CLANG_WARN_OBJC_ROOT_CLASS = YES_ERROR;
				CLANG_WARN_QUOTED_INCLUDE_IN_FRAMEWORK_HEADER = YES;
				CLANG_WARN_RANGE_LOOP_ANALYSIS = YES;
				CLANG_WARN_STRICT_PROTOTYPES = YES;
				CLANG_WARN_SUSPICIOUS_MOVE = YES;
				CLANG_WARN_UNGUARDED_AVAILABILITY = YES_AGGRESSIVE;
				CLANG_WARN_UNREACHABLE_CODE = YES;
				CLANG_WARN__DUPLICATE_METHOD_MATCH = YES;
				COPY_PHASE_STRIP = NO;
				DEBUG_INFORMATION_FORMAT = "dwarf-with-dsym";
				ENABLE_NS_ASSERTIONS = NO;
				ENABLE_STRICT_OBJC_MSGSEND = YES;
				GCC_C_LANGUAGE_STANDARD = gnu11;
				GCC_NO_COMMON_BLOCKS = YES;
				GCC_WARN_64_TO_32_BIT_CONVERSION = YES;
				GCC_WARN_ABOUT_RETURN_TYPE = YES_ERROR;
				GCC_WARN_UNDECLARED_SELECTOR = YES;
				GCC_WARN_UNINITIALIZED_AUTOS = YES_AGGRESSIVE;
				GCC_WARN_UNUSED_FUNCTION = YES;
				GCC_WARN_UNUSED_VARIABLE = YES;
				IPHONEOS_DEPLOYMENT_TARGET = 15.4;
				MTL_ENABLE_DEBUG_INFO = NO;
				MTL_FAST_MATH = YES;
				SDKROOT = iphoneos;
				SWIFT_COMPILATION_MODE = wholemodule;
				SWIFT_OPTIMIZATION_LEVEL = "-O";
				VALIDATE_PRODUCT = YES;
			};
			name = Release;
		};
		7C3455A8286ACDCE00EAB9D1 /* Debug */ = {
			isa = XCBuildConfiguration;
			buildSettings = {
				ASSETCATALOG_COMPILER_APPICON_NAME = AppIcon;
				ASSETCATALOG_COMPILER_GLOBAL_ACCENT_COLOR_NAME = AccentColor;
				CODE_SIGN_STYLE = Automatic;
				CURRENT_PROJECT_VERSION = 1;
				GENERATE_INFOPLIST_FILE = YES;
				INFOPLIST_FILE = "MVVM-GoodNews/Info.plist";
				INFOPLIST_KEY_UIApplicationSupportsIndirectInputEvents = YES;
				INFOPLIST_KEY_UILaunchStoryboardName = LaunchScreen;
				INFOPLIST_KEY_UIMainStoryboardFile = Main;
				INFOPLIST_KEY_UISupportedInterfaceOrientations_iPad = "UIInterfaceOrientationPortrait UIInterfaceOrientationPortraitUpsideDown UIInterfaceOrientationLandscapeLeft UIInterfaceOrientationLandscapeRight";
				INFOPLIST_KEY_UISupportedInterfaceOrientations_iPhone = "UIInterfaceOrientationPortrait UIInterfaceOrientationLandscapeLeft UIInterfaceOrientationLandscapeRight";
				LD_RUNPATH_SEARCH_PATHS = (
					"$(inherited)",
					"@executable_path/Frameworks",
				);
				MARKETING_VERSION = 1.0;
				PRODUCT_BUNDLE_IDENTIFIER = "info.MVVM-GoodNews";
				PRODUCT_NAME = "$(TARGET_NAME)";
				SWIFT_EMIT_LOC_STRINGS = YES;
				SWIFT_VERSION = 5.0;
				TARGETED_DEVICE_FAMILY = "1,2";
			};
			name = Debug;
		};
		7C3455A9286ACDCE00EAB9D1 /* Release */ = {
			isa = XCBuildConfiguration;
			buildSettings = {
				ASSETCATALOG_COMPILER_APPICON_NAME = AppIcon;
				ASSETCATALOG_COMPILER_GLOBAL_ACCENT_COLOR_NAME = AccentColor;
				CODE_SIGN_STYLE = Automatic;
				CURRENT_PROJECT_VERSION = 1;
				GENERATE_INFOPLIST_FILE = YES;
				INFOPLIST_FILE = "MVVM-GoodNews/Info.plist";
				INFOPLIST_KEY_UIApplicationSupportsIndirectInputEvents = YES;
				INFOPLIST_KEY_UILaunchStoryboardName = LaunchScreen;
				INFOPLIST_KEY_UIMainStoryboardFile = Main;
				INFOPLIST_KEY_UISupportedInterfaceOrientations_iPad = "UIInterfaceOrientationPortrait UIInterfaceOrientationPortraitUpsideDown UIInterfaceOrientationLandscapeLeft UIInterfaceOrientationLandscapeRight";
				INFOPLIST_KEY_UISupportedInterfaceOrientations_iPhone = "UIInterfaceOrientationPortrait UIInterfaceOrientationLandscapeLeft UIInterfaceOrientationLandscapeRight";
				LD_RUNPATH_SEARCH_PATHS = (
					"$(inherited)",
					"@executable_path/Frameworks",
				);
				MARKETING_VERSION = 1.0;
				PRODUCT_BUNDLE_IDENTIFIER = "info.MVVM-GoodNews";
				PRODUCT_NAME = "$(TARGET_NAME)";
				SWIFT_EMIT_LOC_STRINGS = YES;
				SWIFT_VERSION = 5.0;
				TARGETED_DEVICE_FAMILY = "1,2";
			};
			name = Release;
		};
		7C3455AB286ACDCE00EAB9D1 /* Debug */ = {
			isa = XCBuildConfiguration;
			buildSettings = {
				ALWAYS_EMBED_SWIFT_STANDARD_LIBRARIES = YES;
				BUNDLE_LOADER = "$(TEST_HOST)";
				CODE_SIGN_STYLE = Automatic;
				CURRENT_PROJECT_VERSION = 1;
				GENERATE_INFOPLIST_FILE = YES;
				IPHONEOS_DEPLOYMENT_TARGET = 15.4;
				MARKETING_VERSION = 1.0;
				PRODUCT_BUNDLE_IDENTIFIER = "info.MVVM-GoodNewsTests";
				PRODUCT_NAME = "$(TARGET_NAME)";
				SWIFT_EMIT_LOC_STRINGS = NO;
				SWIFT_VERSION = 5.0;
				TARGETED_DEVICE_FAMILY = "1,2";
				TEST_HOST = "$(BUILT_PRODUCTS_DIR)/MVVM-GoodNews.app/MVVM-GoodNews";
			};
			name = Debug;
		};
		7C3455AC286ACDCE00EAB9D1 /* Release */ = {
			isa = XCBuildConfiguration;
			buildSettings = {
				ALWAYS_EMBED_SWIFT_STANDARD_LIBRARIES = YES;
				BUNDLE_LOADER = "$(TEST_HOST)";
				CODE_SIGN_STYLE = Automatic;
				CURRENT_PROJECT_VERSION = 1;
				GENERATE_INFOPLIST_FILE = YES;
				IPHONEOS_DEPLOYMENT_TARGET = 15.4;
				MARKETING_VERSION = 1.0;
				PRODUCT_BUNDLE_IDENTIFIER = "info.MVVM-GoodNewsTests";
				PRODUCT_NAME = "$(TARGET_NAME)";
				SWIFT_EMIT_LOC_STRINGS = NO;
				SWIFT_VERSION = 5.0;
				TARGETED_DEVICE_FAMILY = "1,2";
				TEST_HOST = "$(BUILT_PRODUCTS_DIR)/MVVM-GoodNews.app/MVVM-GoodNews";
			};
			name = Release;
		};
		7C3455AE286ACDCE00EAB9D1 /* Debug */ = {
			isa = XCBuildConfiguration;
			buildSettings = {
				ALWAYS_EMBED_SWIFT_STANDARD_LIBRARIES = YES;
				CODE_SIGN_STYLE = Automatic;
				CURRENT_PROJECT_VERSION = 1;
				GENERATE_INFOPLIST_FILE = YES;
				MARKETING_VERSION = 1.0;
				PRODUCT_BUNDLE_IDENTIFIER = "info.MVVM-GoodNewsUITests";
				PRODUCT_NAME = "$(TARGET_NAME)";
				SWIFT_EMIT_LOC_STRINGS = NO;
				SWIFT_VERSION = 5.0;
				TARGETED_DEVICE_FAMILY = "1,2";
				TEST_TARGET_NAME = "MVVM-GoodNews";
			};
			name = Debug;
		};
		7C3455AF286ACDCE00EAB9D1 /* Release */ = {
			isa = XCBuildConfiguration;
			buildSettings = {
				ALWAYS_EMBED_SWIFT_STANDARD_LIBRARIES = YES;
				CODE_SIGN_STYLE = Automatic;
				CURRENT_PROJECT_VERSION = 1;
				GENERATE_INFOPLIST_FILE = YES;
				MARKETING_VERSION = 1.0;
				PRODUCT_BUNDLE_IDENTIFIER = "info.MVVM-GoodNewsUITests";
				PRODUCT_NAME = "$(TARGET_NAME)";
				SWIFT_EMIT_LOC_STRINGS = NO;
				SWIFT_VERSION = 5.0;
				TARGETED_DEVICE_FAMILY = "1,2";
				TEST_TARGET_NAME = "MVVM-GoodNews";
			};
			name = Release;
		};
/* End XCBuildConfiguration section */

/* Begin XCConfigurationList section */
		7C345575286ACDCA00EAB9D1 /* Build configuration list for PBXProject "MVVM-GoodNews" */ = {
			isa = XCConfigurationList;
			buildConfigurations = (
				7C3455A5286ACDCE00EAB9D1 /* Debug */,
				7C3455A6286ACDCE00EAB9D1 /* Release */,
			);
			defaultConfigurationIsVisible = 0;
			defaultConfigurationName = Release;
		};
		7C3455A7286ACDCE00EAB9D1 /* Build configuration list for PBXNativeTarget "MVVM-GoodNews" */ = {
			isa = XCConfigurationList;
			buildConfigurations = (
				7C3455A8286ACDCE00EAB9D1 /* Debug */,
				7C3455A9286ACDCE00EAB9D1 /* Release */,
			);
			defaultConfigurationIsVisible = 0;
			defaultConfigurationName = Release;
		};
		7C3455AA286ACDCE00EAB9D1 /* Build configuration list for PBXNativeTarget "MVVM-GoodNewsTests" */ = {
			isa = XCConfigurationList;
			buildConfigurations = (
				7C3455AB286ACDCE00EAB9D1 /* Debug */,
				7C3455AC286ACDCE00EAB9D1 /* Release */,
			);
			defaultConfigurationIsVisible = 0;
			defaultConfigurationName = Release;
		};
		7C3455AD286ACDCE00EAB9D1 /* Build configuration list for PBXNativeTarget "MVVM-GoodNewsUITests" */ = {
			isa = XCConfigurationList;
			buildConfigurations = (
				7C3455AE286ACDCE00EAB9D1 /* Debug */,
				7C3455AF286ACDCE00EAB9D1 /* Release */,
			);
			defaultConfigurationIsVisible = 0;
			defaultConfigurationName = Release;
		};
/* End XCConfigurationList section */

/* Begin XCVersionGroup section */
		7C345586286ACDCA00EAB9D1 /* MVVM_GoodNews.xcdatamodeld */ = {
			isa = XCVersionGroup;
			children = (
				7C345587286ACDCA00EAB9D1 /* MVVM_GoodNews.xcdatamodel */,
			);
			currentVersion = 7C345587286ACDCA00EAB9D1 /* MVVM_GoodNews.xcdatamodel */;
			path = MVVM_GoodNews.xcdatamodeld;
			sourceTree = "<group>";
			versionGroupType = wrapper.xcdatamodel;
		};
/* End XCVersionGroup section */
	};
	rootObject = 7C345572286ACDCA00EAB9D1 /* Project object */;
}
